
Microsoft Visual Studio Solution File, Format Version 12.00
# Visual Studio Version 17
VisualStudioVersion = 17.14.36603.0
MinimumVisualStudioVersion = 10.0.40219.1
Project("{FAE04EC0-301F-11D3-BF4B-00C04F79EFBC}") = "SIMS", "SIMS\SIMS.csproj", "{2FCCA6D3-8078-4903-A862-089890221C05}"
EndProject
Global
	GlobalSection(SolutionConfigurationPlatforms) = preSolution
		Debug|Any CPU = Debug|Any CPU
		Release|Any CPU = Release|Any CPU
	EndGlobalSection
	GlobalSection(ProjectConfigurationPlatforms) = postSolution
		{2FCCA6D3-8078-4903-A862-089890221C05}.Debug|Any CPU.ActiveCfg = Debug|Any CPU
		{2FCCA6D3-8078-4903-A862-089890221C05}.Debug|Any CPU.Build.0 = Debug|Any CPU
		{2FCCA6D3-8078-4903-A862-089890221C05}.Release|Any CPU.ActiveCfg = Release|Any CPU
		{2FCCA6D3-8078-4903-A862-089890221C05}.Release|Any CPU.Build.0 = Release|Any CPU
	EndGlobalSection
	GlobalSection(SolutionProperties) = preSolution
		HideSolutionNode = FALSE
	EndGlobalSection
	GlobalSection(ExtensibilityGlobals) = postSolution
		SolutionGuid = {703A1879-F12E-4B33-9746-E38B032887EE}
	EndGlobalSection
EndGlobal
